// !$*UTF8*$!
{
	archiveVersion = 1;
	classes = {
	};
	objectVersion = 50;
	objects = {

/* Begin PBXBuildFile section */
		7F788A5421233D7300684167 /* PriceTableViewCell.swift in Sources */ = {isa = PBXBuildFile; fileRef = 7F788A5221233D7300684167 /* PriceTableViewCell.swift */; };
		7F788A5521233D7300684167 /* PriceTableViewCell.xib in Resources */ = {isa = PBXBuildFile; fileRef = 7F788A5321233D7300684167 /* PriceTableViewCell.xib */; };
		7F788A59212353F800684167 /* currency.swift in Sources */ = {isa = PBXBuildFile; fileRef = 7F788A58212353F800684167 /* currency.swift */; };
		7F8115802118613B00678F92 /* AppDelegate.swift in Sources */ = {isa = PBXBuildFile; fileRef = 7F81157F2118613B00678F92 /* AppDelegate.swift */; };
		7F8115852118613B00678F92 /* Main.storyboard in Resources */ = {isa = PBXBuildFile; fileRef = 7F8115832118613B00678F92 /* Main.storyboard */; };
		7F8115872118614700678F92 /* Assets.xcassets in Resources */ = {isa = PBXBuildFile; fileRef = 7F8115862118614700678F92 /* Assets.xcassets */; };
		7F81158A2118614700678F92 /* LaunchScreen.storyboard in Resources */ = {isa = PBXBuildFile; fileRef = 7F8115882118614700678F92 /* LaunchScreen.storyboard */; };
		7F88C1C6211B039B008D6FB0 /* FXchangeModel.swift in Sources */ = {isa = PBXBuildFile; fileRef = 7F88C1C5211B039A008D6FB0 /* FXchangeModel.swift */; };
		7FBA4E68211897D4003427DB /* PricesTableViewController.swift in Sources */ = {isa = PBXBuildFile; fileRef = 7FBA4E67211897D4003427DB /* PricesTableViewController.swift */; };
		7FFD38F02118645B0005F15B /* GraphRatesViewController.swift in Sources */ = {isa = PBXBuildFile; fileRef = 7FFD38EF2118645B0005F15B /* GraphRatesViewController.swift */; };
		C7D759DE6A23F16D12BA946F /* Pods_FXchange.framework in Frameworks */ = {isa = PBXBuildFile; fileRef = EF0C21DCD70E8B79CF809E2E /* Pods_FXchange.framework */; };
/* End PBXBuildFile section */

/* Begin PBXFileReference section */
		28B336E66464C9D9F9A81E99 /* Pods-FXchange.debug.xcconfig */ = {isa = PBXFileReference; includeInIndex = 1; lastKnownFileType = text.xcconfig; name = "Pods-FXchange.debug.xcconfig"; path = "Pods/Target Support Files/Pods-FXchange/Pods-FXchange.debug.xcconfig"; sourceTree = "<group>"; };
		7F788A5221233D7300684167 /* PriceTableViewCell.swift */ = {isa = PBXFileReference; lastKnownFileType = sourcecode.swift; path = PriceTableViewCell.swift; sourceTree = "<group>"; };
		7F788A5321233D7300684167 /* PriceTableViewCell.xib */ = {isa = PBXFileReference; lastKnownFileType = file.xib; path = PriceTableViewCell.xib; sourceTree = "<group>"; };
		7F788A58212353F800684167 /* currency.swift */ = {isa = PBXFileReference; lastKnownFileType = sourcecode.swift; path = currency.swift; sourceTree = "<group>"; };
		7F81157C2118613B00678F92 /* FXchange.app */ = {isa = PBXFileReference; explicitFileType = wrapper.application; includeInIndex = 0; path = FXchange.app; sourceTree = BUILT_PRODUCTS_DIR; };
		7F81157F2118613B00678F92 /* AppDelegate.swift */ = {isa = PBXFileReference; lastKnownFileType = sourcecode.swift; path = AppDelegate.swift; sourceTree = "<group>"; };
		7F8115842118613B00678F92 /* Base */ = {isa = PBXFileReference; lastKnownFileType = file.storyboard; name = Base; path = Base.lproj/Main.storyboard; sourceTree = "<group>"; };
		7F8115862118614700678F92 /* Assets.xcassets */ = {isa = PBXFileReference; lastKnownFileType = folder.assetcatalog; path = Assets.xcassets; sourceTree = "<group>"; };
		7F8115892118614700678F92 /* Base */ = {isa = PBXFileReference; lastKnownFileType = file.storyboard; name = Base; path = Base.lproj/LaunchScreen.storyboard; sourceTree = "<group>"; };
		7F81158B2118614700678F92 /* Info.plist */ = {isa = PBXFileReference; lastKnownFileType = text.plist.xml; path = Info.plist; sourceTree = "<group>"; };
		7F88C1C5211B039A008D6FB0 /* FXchangeModel.swift */ = {isa = PBXFileReference; lastKnownFileType = sourcecode.swift; path = FXchangeModel.swift; sourceTree = "<group>"; };
		7FBA4E67211897D4003427DB /* PricesTableViewController.swift */ = {isa = PBXFileReference; lastKnownFileType = sourcecode.swift; path = PricesTableViewController.swift; sourceTree = "<group>"; };
		7FFD38EF2118645B0005F15B /* GraphRatesViewController.swift */ = {isa = PBXFileReference; lastKnownFileType = sourcecode.swift; path = GraphRatesViewController.swift; sourceTree = "<group>"; };
		8D9B29B2D0AF7F1890ED91A2 /* Pods-FXchange.release.xcconfig */ = {isa = PBXFileReference; includeInIndex = 1; lastKnownFileType = text.xcconfig; name = "Pods-FXchange.release.xcconfig"; path = "Pods/Target Support Files/Pods-FXchange/Pods-FXchange.release.xcconfig"; sourceTree = "<group>"; };
		EF0C21DCD70E8B79CF809E2E /* Pods_FXchange.framework */ = {isa = PBXFileReference; explicitFileType = wrapper.framework; includeInIndex = 0; path = Pods_FXchange.framework; sourceTree = BUILT_PRODUCTS_DIR; };
/* End PBXFileReference section */

/* Begin PBXFrameworksBuildPhase section */
		7F8115792118613B00678F92 /* Frameworks */ = {
			isa = PBXFrameworksBuildPhase;
			buildActionMask = 2147483647;
			files = (
				C7D759DE6A23F16D12BA946F /* Pods_FXchange.framework in Frameworks */,
			);
			runOnlyForDeploymentPostprocessing = 0;
		};
/* End PBXFrameworksBuildPhase section */

/* Begin PBXGroup section */
		5F838981504BF76EFC19C74B /* Frameworks */ = {
			isa = PBXGroup;
			children = (
				EF0C21DCD70E8B79CF809E2E /* Pods_FXchange.framework */,
			);
			name = Frameworks;
			sourceTree = "<group>";
		};
		7F788A5021233D1900684167 /* View */ = {
			isa = PBXGroup;
			children = (
				7F788A5121233D3200684167 /* Custom Cell */,
				7F8115832118613B00678F92 /* Main.storyboard */,
				7F8115882118614700678F92 /* LaunchScreen.storyboard */,
			);
			path = View;
			sourceTree = "<group>";
		};
		7F788A5121233D3200684167 /* Custom Cell */ = {
			isa = PBXGroup;
			children = (
				7F788A5221233D7300684167 /* PriceTableViewCell.swift */,
				7F788A5321233D7300684167 /* PriceTableViewCell.xib */,
			);
			path = "Custom Cell";
			sourceTree = "<group>";
		};
		7F788A562123536200684167 /* Controller */ = {
			isa = PBXGroup;
			children = (
				7FBA4E67211897D4003427DB /* PricesTableViewController.swift */,
				7FFD38EF2118645B0005F15B /* GraphRatesViewController.swift */,
				7F81157F2118613B00678F92 /* AppDelegate.swift */,
			);
			path = Controller;
			sourceTree = "<group>";
		};
		7F788A572123538F00684167 /* Model */ = {
			isa = PBXGroup;
			children = (
				7F788A58212353F800684167 /* currency.swift */,
			);
			path = Model;
			sourceTree = "<group>";
		};
		7F8115732118613A00678F92 = {
			isa = PBXGroup;
			children = (
				7F81157E2118613B00678F92 /* FXchange */,
				7F81157D2118613B00678F92 /* Products */,
				D65A9F9B6D673DECE15B2E66 /* Pods */,
				5F838981504BF76EFC19C74B /* Frameworks */,
			);
			sourceTree = "<group>";
		};
		7F81157D2118613B00678F92 /* Products */ = {
			isa = PBXGroup;
			children = (
				7F81157C2118613B00678F92 /* FXchange.app */,
			);
			name = Products;
			sourceTree = "<group>";
		};
		7F81157E2118613B00678F92 /* FXchange */ = {
			isa = PBXGroup;
			children = (
				7F788A572123538F00684167 /* Model */,
				7F788A562123536200684167 /* Controller */,
				7F788A5021233D1900684167 /* View */,
				7F8115862118614700678F92 /* Assets.xcassets */,
				7F81158B2118614700678F92 /* Info.plist */,
				7F88C1C5211B039A008D6FB0 /* FXchangeModel.swift */,
			);
			path = FXchange;
			sourceTree = "<group>";
		};
		D65A9F9B6D673DECE15B2E66 /* Pods */ = {
			isa = PBXGroup;
			children = (
				28B336E66464C9D9F9A81E99 /* Pods-FXchange.debug.xcconfig */,
				8D9B29B2D0AF7F1890ED91A2 /* Pods-FXchange.release.xcconfig */,
			);
			name = Pods;
			sourceTree = "<group>";
		};
/* End PBXGroup section */

/* Begin PBXNativeTarget section */
		7F81157B2118613B00678F92 /* FXchange */ = {
			isa = PBXNativeTarget;
			buildConfigurationList = 7F81158E2118614700678F92 /* Build configuration list for PBXNativeTarget "FXchange" */;
			buildPhases = (
				9D5CE02B620778D28B75E26B /* [CP] Check Pods Manifest.lock */,
				7F8115782118613B00678F92 /* Sources */,
				7F8115792118613B00678F92 /* Frameworks */,
				7F81157A2118613B00678F92 /* Resources */,
				5FA0AE78A1BB21769DAADC39 /* [CP] Embed Pods Frameworks */,
			);
			buildRules = (
			);
			dependencies = (
			);
			name = FXchange;
			productName = FXchange;
			productReference = 7F81157C2118613B00678F92 /* FXchange.app */;
			productType = "com.apple.product-type.application";
		};
/* End PBXNativeTarget section */

/* Begin PBXProject section */
		7F8115742118613A00678F92 /* Project object */ = {
			isa = PBXProject;
			attributes = {
				LastSwiftUpdateCheck = 0940;
				LastUpgradeCheck = 0940;
				ORGANIZATIONNAME = OLAJUWON;
				TargetAttributes = {
					7F81157B2118613B00678F92 = {
						CreatedOnToolsVersion = 9.4;
					};
				};
			};
			buildConfigurationList = 7F8115772118613A00678F92 /* Build configuration list for PBXProject "FXchange" */;
			compatibilityVersion = "Xcode 9.3";
			developmentRegion = en;
			hasScannedForEncodings = 0;
			knownRegions = (
				en,
				Base,
			);
			mainGroup = 7F8115732118613A00678F92;
			productRefGroup = 7F81157D2118613B00678F92 /* Products */;
			projectDirPath = "";
			projectRoot = "";
			targets = (
				7F81157B2118613B00678F92 /* FXchange */,
			);
		};
/* End PBXProject section */

/* Begin PBXResourcesBuildPhase section */
		7F81157A2118613B00678F92 /* Resources */ = {
			isa = PBXResourcesBuildPhase;
			buildActionMask = 2147483647;
			files = (
				7F81158A2118614700678F92 /* LaunchScreen.storyboard in Resources */,
				7F788A5521233D7300684167 /* PriceTableViewCell.xib in Resources */,
				7F8115872118614700678F92 /* Assets.xcassets in Resources */,
				7F8115852118613B00678F92 /* Main.storyboard in Resources */,
			);
			runOnlyForDeploymentPostprocessing = 0;
		};
/* End PBXResourcesBuildPhase section */

/* Begin PBXShellScriptBuildPhase section */
		5FA0AE78A1BB21769DAADC39 /* [CP] Embed Pods Frameworks */ = {
			isa = PBXShellScriptBuildPhase;
			buildActionMask = 2147483647;
			files = (
			);
			inputPaths = (
				"${SRCROOT}/Pods/Target Support Files/Pods-FXchange/Pods-FXchange-frameworks.sh",
				"${BUILT_PRODUCTS_DIR}/Alamofire/Alamofire.framework",
				"${BUILT_PRODUCTS_DIR}/SwiftyJSON/SwiftyJSON.framework",
			);
			name = "[CP] Embed Pods Frameworks";
			outputPaths = (
				"${TARGET_BUILD_DIR}/${FRAMEWORKS_FOLDER_PATH}/Alamofire.framework",
				"${TARGET_BUILD_DIR}/${FRAMEWORKS_FOLDER_PATH}/SwiftyJSON.framework",
			);
			runOnlyForDeploymentPostprocessing = 0;
			shellPath = /bin/sh;
			shellScript = "\"${SRCROOT}/Pods/Target Support Files/Pods-FXchange/Pods-FXchange-frameworks.sh\"\n";
			showEnvVarsInLog = 0;
		};
		9D5CE02B620778D28B75E26B /* [CP] Check Pods Manifest.lock */ = {
			isa = PBXShellScriptBuildPhase;
			buildActionMask = 2147483647;
			files = (
			);
			inputPaths = (
				"${PODS_PODFILE_DIR_PATH}/Podfile.lock",
				"${PODS_ROOT}/Manifest.lock",
			);
			name = "[CP] Check Pods Manifest.lock";
			outputPaths = (
				"$(DERIVED_FILE_DIR)/Pods-FXchange-checkManifestLockResult.txt",
			);
			runOnlyForDeploymentPostprocessing = 0;
			shellPath = /bin/sh;
			shellScript = "diff \"${PODS_PODFILE_DIR_PATH}/Podfile.lock\" \"${PODS_ROOT}/Manifest.lock\" > /dev/null\nif [ $? != 0 ] ; then\n    # print error to STDERR\n    echo \"error: The sandbox is not in sync with the Podfile.lock. Run 'pod install' or update your CocoaPods installation.\" >&2\n    exit 1\nfi\n# This output is used by Xcode 'outputs' to avoid re-running this script phase.\necho \"SUCCESS\" > \"${SCRIPT_OUTPUT_FILE_0}\"\n";
			showEnvVarsInLog = 0;
		};
/* End PBXShellScriptBuildPhase section */

/* Begin PBXSourcesBuildPhase section */
		7F8115782118613B00678F92 /* Sources */ = {
			isa = PBXSourcesBuildPhase;
			buildActionMask = 2147483647;
			files = (
				7FFD38F02118645B0005F15B /* GraphRatesViewController.swift in Sources */,
				7FBA4E68211897D4003427DB /* PricesTableViewController.swift in Sources */,
				7F788A59212353F800684167 /* currency.swift in Sources */,
				7F8115802118613B00678F92 /* AppDelegate.swift in Sources */,
				7F788A5421233D7300684167 /* PriceTableViewCell.swift in Sources */,
				7F88C1C6211B039B008D6FB0 /* FXchangeModel.swift in Sources */,
			);
			runOnlyForDeploymentPostprocessing = 0;
		};
/* End PBXSourcesBuildPhase section */

/* Begin PBXVariantGroup section */
		7F8115832118613B00678F92 /* Main.storyboard */ = {
			isa = PBXVariantGroup;
			children = (
				7F8115842118613B00678F92 /* Base */,
			);
			name = Main.storyboard;
			sourceTree = "<group>";
		};
		7F8115882118614700678F92 /* LaunchScreen.storyboard */ = {
			isa = PBXVariantGroup;
			children = (
				7F8115892118614700678F92 /* Base */,
			);
			name = LaunchScreen.storyboard;
			sourceTree = "<group>";
		};
/* End PBXVariantGroup section */

/* Begin XCBuildConfiguration section */
		7F81158C2118614700678F92 /* Debug */ = {
			isa = XCBuildConfiguration;
			buildSettings = {
				ALWAYS_SEARCH_USER_PATHS = NO;
				CLANG_ANALYZER_NONNULL = YES;
				CLANG_ANALYZER_NUMBER_OBJECT_CONVERSION = YES_AGGRESSIVE;
				CLANG_CXX_LANGUAGE_STANDARD = "gnu++14";
				CLANG_CXX_LIBRARY = "libc++";
				CLANG_ENABLE_MODULES = YES;
				CLANG_ENABLE_OBJC_ARC = YES;
				CLANG_ENABLE_OBJC_WEAK = YES;
				CLANG_WARN_BLOCK_CAPTURE_AUTORELEASING = YES;
				CLANG_WARN_BOOL_CONVERSION = YES;
				CLANG_WARN_COMMA = YES;
				CLANG_WARN_CONSTANT_CONVERSION = YES;
				CLANG_WARN_DEPRECATED_OBJC_IMPLEMENTATIONS = YES;
				CLANG_WARN_DIRECT_OBJC_ISA_USAGE = YES_ERROR;
				CLANG_WARN_DOCUMENTATION_COMMENTS = YES;
				CLANG_WARN_EMPTY_BODY = YES;
				CLANG_WARN_ENUM_CONVERSION = YES;
				CLANG_WARN_INFINITE_RECURSION = YES;
				CLANG_WARN_INT_CONVERSION = YES;
				CLANG_WARN_NON_LITERAL_NULL_CONVERSION = YES;
				CLANG_WARN_OBJC_IMPLICIT_RETAIN_SELF = YES;
				CLANG_WARN_OBJC_LITERAL_CONVERSION = YES;
				CLANG_WARN_OBJC_ROOT_CLASS = YES_ERROR;
				CLANG_WARN_RANGE_LOOP_ANALYSIS = YES;
				CLANG_WARN_STRICT_PROTOTYPES = YES;
				CLANG_WARN_SUSPICIOUS_MOVE = YES;
				CLANG_WARN_UNGUARDED_AVAILABILITY = YES_AGGRESSIVE;
				CLANG_WARN_UNREACHABLE_CODE = YES;
				CLANG_WARN__DUPLICATE_METHOD_MATCH = YES;
				CODE_SIGN_IDENTITY = "iPhone Developer";
				COPY_PHASE_STRIP = NO;
				DEBUG_INFORMATION_FORMAT = dwarf;
				ENABLE_STRICT_OBJC_MSGSEND = YES;
				ENABLE_TESTABILITY = YES;
				GCC_C_LANGUAGE_STANDARD = gnu11;
				GCC_DYNAMIC_NO_PIC = NO;
				GCC_NO_COMMON_BLOCKS = YES;
				GCC_OPTIMIZATION_LEVEL = 0;
				GCC_PREPROCESSOR_DEFINITIONS = (
					"DEBUG=1",
					"$(inherited)",
				);
				GCC_WARN_64_TO_32_BIT_CONVERSION = YES;
				GCC_WARN_ABOUT_RETURN_TYPE = YES_ERROR;
				GCC_WARN_UNDECLARED_SELECTOR = YES;
				GCC_WARN_UNINITIALIZED_AUTOS = YES_AGGRESSIVE;
				GCC_WARN_UNUSED_FUNCTION = YES;
				GCC_WARN_UNUSED_VARIABLE = YES;
				IPHONEOS_DEPLOYMENT_TARGET = 11.4;
				MTL_ENABLE_DEBUG_INFO = YES;
				ONLY_ACTIVE_ARCH = YES;
				SDKROOT = iphoneos;
				SWIFT_ACTIVE_COMPILATION_CONDITIONS = DEBUG;
				SWIFT_OPTIMIZATION_LEVEL = "-Onone";
			};
			name = Debug;
		};
		7F81158D2118614700678F92 /* Release */ = {
			isa = XCBuildConfiguration;
			buildSettings = {
				ALWAYS_SEARCH_USER_PATHS = NO;
				CLANG_ANALYZER_NONNULL = YES;
				CLANG_ANALYZER_NUMBER_OBJECT_CONVERSION = YES_AGGRESSIVE;
				CLANG_CXX_LANGUAGE_STANDARD = "gnu++14";
				CLANG_CXX_LIBRARY = "libc++";
				CLANG_ENABLE_MODULES = YES;
				CLANG_ENABLE_OBJC_ARC = YES;
				CLANG_ENABLE_OBJC_WEAK = YES;
				CLANG_WARN_BLOCK_CAPTURE_AUTORELEASING = YES;
				CLANG_WARN_BOOL_CONVERSION = YES;
				CLANG_WARN_COMMA = YES;
				CLANG_WARN_CONSTANT_CONVERSION = YES;
				CLANG_WARN_DEPRECATED_OBJC_IMPLEMENTATIONS = YES;
				CLANG_WARN_DIRECT_OBJC_ISA_USAGE = YES_ERROR;
				CLANG_WARN_DOCUMENTATION_COMMENTS = YES;
				CLANG_WARN_EMPTY_BODY = YES;
				CLANG_WARN_ENUM_CONVERSION = YES;
				CLANG_WARN_INFINITE_RECURSION = YES;
				CLANG_WARN_INT_CONVERSION = YES;
				CLANG_WARN_NON_LITERAL_NULL_CONVERSION = YES;
				CLANG_WARN_OBJC_IMPLICIT_RETAIN_SELF = YES;
				CLANG_WARN_OBJC_LITERAL_CONVERSION = YES;
				CLANG_WARN_OBJC_ROOT_CLASS = YES_ERROR;
				CLANG_WARN_RANGE_LOOP_ANALYSIS = YES;
				CLANG_WARN_STRICT_PROTOTYPES = YES;
				CLANG_WARN_SUSPICIOUS_MOVE = YES;
				CLANG_WARN_UNGUARDED_AVAILABILITY = YES_AGGRESSIVE;
				CLANG_WARN_UNREACHABLE_CODE = YES;
				CLANG_WARN__DUPLICATE_METHOD_MATCH = YES;
				CODE_SIGN_IDENTITY = "iPhone Developer";
				COPY_PHASE_STRIP = NO;
				DEBUG_INFORMATION_FORMAT = "dwarf-with-dsym";
				ENABLE_NS_ASSERTIONS = NO;
				ENABLE_STRICT_OBJC_MSGSEND = YES;
				GCC_C_LANGUAGE_STANDARD = gnu11;
				GCC_NO_COMMON_BLOCKS = YES;
				GCC_WARN_64_TO_32_BIT_CONVERSION = YES;
				GCC_WARN_ABOUT_RETURN_TYPE = YES_ERROR;
				GCC_WARN_UNDECLARED_SELECTOR = YES;
				GCC_WARN_UNINITIALIZED_AUTOS = YES_AGGRESSIVE;
				GCC_WARN_UNUSED_FUNCTION = YES;
				GCC_WARN_UNUSED_VARIABLE = YES;
				IPHONEOS_DEPLOYMENT_TARGET = 11.4;
				MTL_ENABLE_DEBUG_INFO = NO;
				SDKROOT = iphoneos;
				SWIFT_COMPILATION_MODE = wholemodule;
				SWIFT_OPTIMIZATION_LEVEL = "-O";
				VALIDATE_PRODUCT = YES;
			};
			name = Release;
		};
		7F81158F2118614700678F92 /* Debug */ = {
			isa = XCBuildConfiguration;
			baseConfigurationReference = 28B336E66464C9D9F9A81E99 /* Pods-FXchange.debug.xcconfig */;
			buildSettings = {
				ASSETCATALOG_COMPILER_APPICON_NAME = AppIcon;
				CODE_SIGN_STYLE = Automatic;
				DEVELOPMENT_TEAM = 36X855UTYZ;
				INFOPLIST_FILE = FXchange/Info.plist;
				IPHONEOS_DEPLOYMENT_TARGET = 11.2;
				LD_RUNPATH_SEARCH_PATHS = (
					"$(inherited)",
					"@executable_path/Frameworks",
				);
				PRODUCT_BUNDLE_IDENTIFIER = com.olajuwon.FXchange;
				PRODUCT_NAME = "$(TARGET_NAME)";
				SWIFT_VERSION = 4.0;
				TARGETED_DEVICE_FAMILY = 1;
			};
			name = Debug;
		};
		7F8115902118614700678F92 /* Release */ = {
			isa = XCBuildConfiguration;
			baseConfigurationReference = 8D9B29B2D0AF7F1890ED91A2 /* Pods-FXchange.release.xcconfig */;
			buildSettings = {
				ASSETCATALOG_COMPILER_APPICON_NAME = AppIcon;
				CODE_SIGN_STYLE = Automatic;
				DEVELOPMENT_TEAM = 36X855UTYZ;
				INFOPLIST_FILE = FXchange/Info.plist;
				IPHONEOS_DEPLOYMENT_TARGET = 11.2;
				LD_RUNPATH_SEARCH_PATHS = (
					"$(inherited)",
					"@executable_path/Frameworks",
				);
				PRODUCT_BUNDLE_IDENTIFIER = com.olajuwon.FXchange;
				PRODUCT_NAME = "$(TARGET_NAME)";
				SWIFT_VERSION = 4.0;
				TARGETED_DEVICE_FAMILY = 1;
			};
			name = Release;
		};
/* End XCBuildConfiguration section */

/* Begin XCConfigurationList section */
		7F8115772118613A00678F92 /* Build configuration list for PBXProject "FXchange" */ = {
			isa = XCConfigurationList;
			buildConfigurations = (
				7F81158C2118614700678F92 /* Debug */,
				7F81158D2118614700678F92 /* Release */,
			);
			defaultConfigurationIsVisible = 0;
			defaultConfigurationName = Release;
		};
		7F81158E2118614700678F92 /* Build configuration list for PBXNativeTarget "FXchange" */ = {
			isa = XCConfigurationList;
			buildConfigurations = (
				7F81158F2118614700678F92 /* Debug */,
				7F8115902118614700678F92 /* Release */,
			);
			defaultConfigurationIsVisible = 0;
			defaultConfigurationName = Release;
		};
/* End XCConfigurationList section */
	};
	rootObject = 7F8115742118613A00678F92 /* Project object */;
}
